
Microsoft Visual Studio Solution File, Format Version 12.00
# Visual Studio Version 17
VisualStudioVersion = 17.8.34330.188
MinimumVisualStudioVersion = 10.0.40219.1
Project("{FAE04EC0-301F-11D3-BF4B-00C04F79EFBC}") = "BulkyWeb", "BulkyWeb\BulkyWeb.csproj", "{58023213-2C5C-4FF0-A52E-FDFCD86B836E}"
EndProject
Global
	GlobalSection(SolutionConfigurationPlatforms) = preSolution
		Debug|Any CPU = Debug|Any CPU
		Release|Any CPU = Release|Any CPU
	EndGlobalSection
	GlobalSection(ProjectConfigurationPlatforms) = postSolution
		{58023213-2C5C-4FF0-A52E-FDFCD86B836E}.Debug|Any CPU.ActiveCfg = Debug|Any CPU
		{58023213-2C5C-4FF0-A52E-FDFCD86B836E}.Debug|Any CPU.Build.0 = Debug|Any CPU
		{58023213-2C5C-4FF0-A52E-FDFCD86B836E}.Release|Any CPU.ActiveCfg = Release|Any CPU
		{58023213-2C5C-4FF0-A52E-FDFCD86B836E}.Release|Any CPU.Build.0 = Release|Any CPU
	EndGlobalSection
	GlobalSection(SolutionProperties) = preSolution
		HideSolutionNode = FALSE
	EndGlobalSection
	GlobalSection(ExtensibilityGlobals) = postSolution
		SolutionGuid = {F4F5944E-9AC1-4E04-A78D-752BECDA4AAA}
	EndGlobalSection
EndGlobal
